
Microsoft Visual Studio Solution File, Format Version 12.00
# Visual Studio Version 17
VisualStudioVersion = 17.14.36203.30
MinimumVisualStudioVersion = 10.0.40219.1
Project("{FAE04EC0-301F-11D3-BF4B-00C04F79EFBC}") = "MRK.MAUI.RefactorKit", "MRK.MAUI.RefactorKit\MRK.MAUI.RefactorKit\MRK.MAUI.RefactorKit.csproj", "{F1BFF9A7-0EA3-49D6-A13B-BFA79581F521}"
EndProject
Project("{FAE04EC0-301F-11D3-BF4B-00C04F79EFBC}") = "MRK.MAUI.RefactorKit.CodeFixes", "MRK.MAUI.RefactorKit\MRK.MAUI.RefactorKit.CodeFixes\MRK.MAUI.RefactorKit.CodeFixes.csproj", "{FE6FD3C1-08B3-4E6B-B0C5-C416E189B48A}"
EndProject
Project("{FAE04EC0-301F-11D3-BF4B-00C04F79EFBC}") = "MRK.MAUI.RefactorKit.Package", "MRK.MAUI.RefactorKit\MRK.MAUI.RefactorKit.Package\MRK.MAUI.RefactorKit.Package.csproj", "{4533EE5A-1BC3-4691-B806-E3B887E6EAD1}"
EndProject
Global
	GlobalSection(SolutionConfigurationPlatforms) = preSolution
		Debug|Any CPU = Debug|Any CPU
		Release|Any CPU = Release|Any CPU
	EndGlobalSection
	GlobalSection(ProjectConfigurationPlatforms) = postSolution
		{F1BFF9A7-0EA3-49D6-A13B-BFA79581F521}.Debug|Any CPU.ActiveCfg = Debug|Any CPU
		{F1BFF9A7-0EA3-49D6-A13B-BFA79581F521}.Debug|Any CPU.Build.0 = Debug|Any CPU
		{F1BFF9A7-0EA3-49D6-A13B-BFA79581F521}.Release|Any CPU.ActiveCfg = Release|Any CPU
		{F1BFF9A7-0EA3-49D6-A13B-BFA79581F521}.Release|Any CPU.Build.0 = Release|Any CPU
		{FE6FD3C1-08B3-4E6B-B0C5-C416E189B48A}.Debug|Any CPU.ActiveCfg = Debug|Any CPU
		{FE6FD3C1-08B3-4E6B-B0C5-C416E189B48A}.Debug|Any CPU.Build.0 = Debug|Any CPU
		{FE6FD3C1-08B3-4E6B-B0C5-C416E189B48A}.Release|Any CPU.ActiveCfg = Release|Any CPU
		{FE6FD3C1-08B3-4E6B-B0C5-C416E189B48A}.Release|Any CPU.Build.0 = Release|Any CPU
		{4533EE5A-1BC3-4691-B806-E3B887E6EAD1}.Debug|Any CPU.ActiveCfg = Debug|Any CPU
		{4533EE5A-1BC3-4691-B806-E3B887E6EAD1}.Debug|Any CPU.Build.0 = Debug|Any CPU
		{4533EE5A-1BC3-4691-B806-E3B887E6EAD1}.Release|Any CPU.ActiveCfg = Release|Any CPU
		{4533EE5A-1BC3-4691-B806-E3B887E6EAD1}.Release|Any CPU.Build.0 = Release|Any CPU
	EndGlobalSection
	GlobalSection(SolutionProperties) = preSolution
		HideSolutionNode = FALSE
	EndGlobalSection
	GlobalSection(ExtensibilityGlobals) = postSolution
		SolutionGuid = {F83BE4EA-0B84-4EEC-87D3-790148FF3E4F}
	EndGlobalSection
EndGlobal
